{
  "name": "scripts",
  "lockfileVersion": 3,
  "requires": true,
  "packages": {
    "": {
      "dependencies": {
        "zwift-data": "^1.48.6"
      }
    },
    "node_modules/zwift-data": {
      "version": "1.48.6",
      "resolved": "https://registry.npmjs.org/zwift-data/-/zwift-data-1.48.6.tgz",
      "integrity": "sha512-NhYZXGOZ3ZItgXIt2UOikebFfiWgH89oP2f4Nk4mPUP6nBPd93q2kCNNkLxl5umG0luECkyUi3W0KFstnWW48A==",
      "license": "MIT"
    }
  }
}
